
Microsoft Visual Studio Solution File, Format Version 12.00
# Visual Studio Version 17
VisualStudioVersion = 17.2.32616.157
MinimumVisualStudioVersion = 10.0.40219.1
Project("{FAE04EC0-301F-11D3-BF4B-00C04F79EFBC}") = "WPFBookstore", "WPFBookstore\WPFBookstore.csproj", "{FB53B815-CC3A-48FC-BD46-FDCCF4E3A91C}"
EndProject
Global
	GlobalSection(SolutionConfigurationPlatforms) = preSolution
		Debug|Any CPU = Debug|Any CPU
		Release|Any CPU = Release|Any CPU
	EndGlobalSection
	GlobalSection(ProjectConfigurationPlatforms) = postSolution
		{FB53B815-CC3A-48FC-BD46-FDCCF4E3A91C}.Debug|Any CPU.ActiveCfg = Debug|Any CPU
		{FB53B815-CC3A-48FC-BD46-FDCCF4E3A91C}.Debug|Any CPU.Build.0 = Debug|Any CPU
		{FB53B815-CC3A-48FC-BD46-FDCCF4E3A91C}.Release|Any CPU.ActiveCfg = Release|Any CPU
		{FB53B815-CC3A-48FC-BD46-FDCCF4E3A91C}.Release|Any CPU.Build.0 = Release|Any CPU
	EndGlobalSection
	GlobalSection(SolutionProperties) = preSolution
		HideSolutionNode = FALSE
	EndGlobalSection
	GlobalSection(ExtensibilityGlobals) = postSolution
		SolutionGuid = {CCE1F639-09F4-462D-81C0-F6894A326ED9}
	EndGlobalSection
EndGlobal
